// !$*UTF8*$!
{
	archiveVersion = 1;
	classes = {
	};
	objectVersion = 56;
	objects = {

/* Begin PBXBuildFile section */
		A1000001260001 /* OfflineAIChatApp.swift in Sources */ = {isa = PBXBuildFile; fileRef = A1000001160001 /* OfflineAIChatApp.swift */; };
		A1000001260002 /* chat_message_model.swift in Sources */ = {isa = PBXBuildFile; fileRef = A1000001160002 /* chat_message_model.swift */; };
		A1000001260003 /* chat_session_model.swift in Sources */ = {isa = PBXBuildFile; fileRef = A1000001160003 /* chat_session_model.swift */; };
		A1000001260004 /* model_configuration.swift in Sources */ = {isa = PBXBuildFile; fileRef = A1000001160004 /* model_configuration.swift */; };
		A1000001260005 /* nexa_inference_service.swift in Sources */ = {isa = PBXBuildFile; fileRef = A1000001160005 /* nexa_inference_service.swift */; };
		A1000001260006 /* chat_conversation_view_model.swift in Sources */ = {isa = PBXBuildFile; fileRef = A1000001160006 /* chat_conversation_view_model.swift */; };
		A1000001260007 /* chat_conversation_view.swift in Sources */ = {isa = PBXBuildFile; fileRef = A1000001160007 /* chat_conversation_view.swift */; };
		A1000001260008 /* chat_message_row_view.swift in Sources */ = {isa = PBXBuildFile; fileRef = A1000001160008 /* chat_message_row_view.swift */; };
		A1000001260009 /* chat_input_field_view.swift in Sources */ = {isa = PBXBuildFile; fileRef = A1000001160009 /* chat_input_field_view.swift */; };
		A1000001260010 /* model_status_indicator_view.swift in Sources */ = {isa = PBXBuildFile; fileRef = A1000001160010 /* model_status_indicator_view.swift */; };
		A1000001260011 /* Assets.xcassets in Resources */ = {isa = PBXBuildFile; fileRef = A1000001160011 /* Assets.xcassets */; };
		A1000001260012 /* model_download_service.swift in Sources */ = {isa = PBXBuildFile; fileRef = A1000001160013 /* model_download_service.swift */; };
		A1000001260013 /* model_settings_view.swift in Sources */ = {isa = PBXBuildFile; fileRef = A1000001160014 /* model_settings_view.swift */; };
		A1000001260014 /* chat_storage_service.swift in Sources */ = {isa = PBXBuildFile; fileRef = A1000001160015 /* chat_storage_service.swift */; };
		A1000001260015 /* chat_session_list_view.swift in Sources */ = {isa = PBXBuildFile; fileRef = A1000001160016 /* chat_session_list_view.swift */; };
		A1000001260016 /* memory_model.swift in Sources */ = {isa = PBXBuildFile; fileRef = A1000001160017 /* memory_model.swift */; };
		A1000001260017 /* memory_storage_service.swift in Sources */ = {isa = PBXBuildFile; fileRef = A1000001160018 /* memory_storage_service.swift */; };
		A1000001260018 /* animated_empty_state_view.swift in Sources */ = {isa = PBXBuildFile; fileRef = A1000001160019 /* animated_empty_state_view.swift */; };
		A1000001260019 /* chat_list_bottom_sheet_view.swift in Sources */ = {isa = PBXBuildFile; fileRef = A1000001160020 /* chat_list_bottom_sheet_view.swift */; };
		A1000001260020 /* context_length_indicator_view.swift in Sources */ = {isa = PBXBuildFile; fileRef = A1000001160021 /* context_length_indicator_view.swift */; };
		A1000001260021 /* memory_settings_view.swift in Sources */ = {isa = PBXBuildFile; fileRef = A1000001160022 /* memory_settings_view.swift */; };
		A1000001260022 /* side_drawer_view.swift in Sources */ = {isa = PBXBuildFile; fileRef = A1000001160023 /* side_drawer_view.swift */; };
		A1000001260023 /* memory_quick_toggle_view.swift in Sources */ = {isa = PBXBuildFile; fileRef = A1000001160024 /* memory_quick_toggle_view.swift */; };
		A1000001360001 /* NexaSdk.xcframework in Frameworks */ = {isa = PBXBuildFile; fileRef = A1000001370001 /* NexaSdk.xcframework */; };
		A1000001360003 /* NexaSdk.xcframework in Embed Frameworks */ = {isa = PBXBuildFile; fileRef = A1000001370001 /* NexaSdk.xcframework */; settings = {ATTRIBUTES = (CodeSignOnCopy, RemoveHeadersOnCopy, ); }; };
/* End PBXBuildFile section */

/* Begin PBXCopyFilesBuildPhase section */
		A1000001380001 /* Embed Frameworks */ = {
			isa = PBXCopyFilesBuildPhase;
			buildActionMask = 2147483647;
			dstPath = "";
			dstSubfolderSpec = 10;
			files = (
				A1000001360003 /* NexaSdk.xcframework in Embed Frameworks */,
			);
			name = "Embed Frameworks";
			runOnlyForDeploymentPostprocessing = 0;
		};
/* End PBXCopyFilesBuildPhase section */

/* Begin PBXFileReference section */
		A1000001060001 /* OfflineAIChat.app */ = {isa = PBXFileReference; explicitFileType = wrapper.application; includeInIndex = 0; path = OfflineAIChat.app; sourceTree = BUILT_PRODUCTS_DIR; };
		A1000001160001 /* OfflineAIChatApp.swift */ = {isa = PBXFileReference; lastKnownFileType = sourcecode.swift; path = OfflineAIChatApp.swift; sourceTree = "<group>"; };
		A1000001160002 /* chat_message_model.swift */ = {isa = PBXFileReference; lastKnownFileType = sourcecode.swift; path = chat_message_model.swift; sourceTree = "<group>"; };
		A1000001160003 /* chat_session_model.swift */ = {isa = PBXFileReference; lastKnownFileType = sourcecode.swift; path = chat_session_model.swift; sourceTree = "<group>"; };
		A1000001160004 /* model_configuration.swift */ = {isa = PBXFileReference; lastKnownFileType = sourcecode.swift; path = model_configuration.swift; sourceTree = "<group>"; };
		A1000001160005 /* nexa_inference_service.swift */ = {isa = PBXFileReference; lastKnownFileType = sourcecode.swift; path = nexa_inference_service.swift; sourceTree = "<group>"; };
		A1000001160006 /* chat_conversation_view_model.swift */ = {isa = PBXFileReference; lastKnownFileType = sourcecode.swift; path = chat_conversation_view_model.swift; sourceTree = "<group>"; };
		A1000001160007 /* chat_conversation_view.swift */ = {isa = PBXFileReference; lastKnownFileType = sourcecode.swift; path = chat_conversation_view.swift; sourceTree = "<group>"; };
		A1000001160008 /* chat_message_row_view.swift */ = {isa = PBXFileReference; lastKnownFileType = sourcecode.swift; path = chat_message_row_view.swift; sourceTree = "<group>"; };
		A1000001160009 /* chat_input_field_view.swift */ = {isa = PBXFileReference; lastKnownFileType = sourcecode.swift; path = chat_input_field_view.swift; sourceTree = "<group>"; };
		A1000001160010 /* model_status_indicator_view.swift */ = {isa = PBXFileReference; lastKnownFileType = sourcecode.swift; path = model_status_indicator_view.swift; sourceTree = "<group>"; };
		A1000001160011 /* Assets.xcassets */ = {isa = PBXFileReference; lastKnownFileType = folder.assetcatalog; path = Assets.xcassets; sourceTree = "<group>"; };
		A1000001160012 /* Info.plist */ = {isa = PBXFileReference; lastKnownFileType = text.plist.xml; path = Info.plist; sourceTree = "<group>"; };
		A1000001160013 /* model_download_service.swift */ = {isa = PBXFileReference; lastKnownFileType = sourcecode.swift; path = model_download_service.swift; sourceTree = "<group>"; };
		A1000001160014 /* model_settings_view.swift */ = {isa = PBXFileReference; lastKnownFileType = sourcecode.swift; path = model_settings_view.swift; sourceTree = "<group>"; };
		A1000001160015 /* chat_storage_service.swift */ = {isa = PBXFileReference; lastKnownFileType = sourcecode.swift; path = chat_storage_service.swift; sourceTree = "<group>"; };
		A1000001160016 /* chat_session_list_view.swift */ = {isa = PBXFileReference; lastKnownFileType = sourcecode.swift; path = chat_session_list_view.swift; sourceTree = "<group>"; };
		A1000001160017 /* memory_model.swift */ = {isa = PBXFileReference; lastKnownFileType = sourcecode.swift; path = memory_model.swift; sourceTree = "<group>"; };
		A1000001160018 /* memory_storage_service.swift */ = {isa = PBXFileReference; lastKnownFileType = sourcecode.swift; path = memory_storage_service.swift; sourceTree = "<group>"; };
		A1000001160019 /* animated_empty_state_view.swift */ = {isa = PBXFileReference; lastKnownFileType = sourcecode.swift; path = animated_empty_state_view.swift; sourceTree = "<group>"; };
		A1000001160020 /* chat_list_bottom_sheet_view.swift */ = {isa = PBXFileReference; lastKnownFileType = sourcecode.swift; path = chat_list_bottom_sheet_view.swift; sourceTree = "<group>"; };
		A1000001160021 /* context_length_indicator_view.swift */ = {isa = PBXFileReference; lastKnownFileType = sourcecode.swift; path = context_length_indicator_view.swift; sourceTree = "<group>"; };
		A1000001160022 /* memory_settings_view.swift */ = {isa = PBXFileReference; lastKnownFileType = sourcecode.swift; path = memory_settings_view.swift; sourceTree = "<group>"; };
		A1000001160023 /* side_drawer_view.swift */ = {isa = PBXFileReference; lastKnownFileType = sourcecode.swift; path = side_drawer_view.swift; sourceTree = "<group>"; };
		A1000001160024 /* memory_quick_toggle_view.swift */ = {isa = PBXFileReference; lastKnownFileType = sourcecode.swift; path = memory_quick_toggle_view.swift; sourceTree = "<group>"; };
		A1000001370001 /* NexaSdk.xcframework */ = {isa = PBXFileReference; lastKnownFileType = wrapper.xcframework; path = NexaSdk.xcframework; sourceTree = "<group>"; };
/* End PBXFileReference section */

/* Begin PBXFrameworksBuildPhase section */
		A1000001040001 /* Frameworks */ = {
			isa = PBXFrameworksBuildPhase;
			buildActionMask = 2147483647;
			files = (
				A1000001360001 /* NexaSdk.xcframework in Frameworks */,
			);
			runOnlyForDeploymentPostprocessing = 0;
		};
/* End PBXFrameworksBuildPhase section */

/* Begin PBXGroup section */
		A1000001010001 = {
			isa = PBXGroup;
			children = (
				A1000001020001 /* OfflineAIChat */,
				A1000001070001 /* Products */,
			);
			sourceTree = "<group>";
		};
		A1000001020001 /* OfflineAIChat */ = {
			isa = PBXGroup;
			children = (
				A1000001160001 /* OfflineAIChatApp.swift */,
				A1000001030001 /* Models */,
				A1000001030002 /* Services */,
				A1000001030003 /* ViewModels */,
				A1000001030004 /* Views */,
				A1000001160011 /* Assets.xcassets */,
				A1000001160012 /* Info.plist */,
				A1000001370001 /* NexaSdk.xcframework */,
			);
			path = OfflineAIChat;
			sourceTree = "<group>";
		};
		A1000001030001 /* Models */ = {
			isa = PBXGroup;
			children = (
				A1000001160002 /* chat_message_model.swift */,
				A1000001160003 /* chat_session_model.swift */,
				A1000001160004 /* model_configuration.swift */,
				A1000001160017 /* memory_model.swift */,
			);
			path = Models;
			sourceTree = "<group>";
		};
		A1000001030002 /* Services */ = {
			isa = PBXGroup;
			children = (
				A1000001160005 /* nexa_inference_service.swift */,
				A1000001160013 /* model_download_service.swift */,
				A1000001160015 /* chat_storage_service.swift */,
				A1000001160018 /* memory_storage_service.swift */,
			);
			path = Services;
			sourceTree = "<group>";
		};
		A1000001030003 /* ViewModels */ = {
			isa = PBXGroup;
			children = (
				A1000001160006 /* chat_conversation_view_model.swift */,
			);
			path = ViewModels;
			sourceTree = "<group>";
		};
		A1000001030004 /* Views */ = {
			isa = PBXGroup;
			children = (
				A1000001160007 /* chat_conversation_view.swift */,
				A1000001160008 /* chat_message_row_view.swift */,
				A1000001160009 /* chat_input_field_view.swift */,
				A1000001160010 /* model_status_indicator_view.swift */,
				A1000001160014 /* model_settings_view.swift */,
				A1000001160016 /* chat_session_list_view.swift */,
				A1000001160019 /* animated_empty_state_view.swift */,
				A1000001160020 /* chat_list_bottom_sheet_view.swift */,
				A1000001160021 /* context_length_indicator_view.swift */,
				A1000001160022 /* memory_settings_view.swift */,
				A1000001160023 /* side_drawer_view.swift */,
				A1000001160024 /* memory_quick_toggle_view.swift */,
			);
			path = Views;
			sourceTree = "<group>";
		};
		A1000001070001 /* Products */ = {
			isa = PBXGroup;
			children = (
				A1000001060001 /* OfflineAIChat.app */,
			);
			name = Products;
			sourceTree = "<group>";
		};
/* End PBXGroup section */

/* Begin PBXNativeTarget section */
		A1000001050001 /* OfflineAIChat */ = {
			isa = PBXNativeTarget;
			buildConfigurationList = A1000001090001 /* Build configuration list for PBXNativeTarget "OfflineAIChat" */;
			buildPhases = (
				A1000001030005 /* Sources */,
				A1000001040001 /* Frameworks */,
				A1000001040002 /* Resources */,
				A1000001380001 /* Embed Frameworks */,
			);
			buildRules = (
			);
			dependencies = (
			);
			name = OfflineAIChat;
			productName = OfflineAIChat;
			productReference = A1000001060001 /* OfflineAIChat.app */;
			productType = "com.apple.product-type.application";
		};
/* End PBXNativeTarget section */

/* Begin PBXProject section */
		A1000001000001 /* Project object */ = {
			isa = PBXProject;
			attributes = {
				BuildIndependentTargetsInParallel = 1;
				LastSwiftUpdateCheck = 1500;
				LastUpgradeCheck = 1500;
				TargetAttributes = {
					A1000001050001 = {
						CreatedOnToolsVersion = 15.0;
					};
				};
			};
			buildConfigurationList = A1000001080001 /* Build configuration list for PBXProject "OfflineAIChat" */;
			compatibilityVersion = "Xcode 14.0";
			developmentRegion = en;
			hasScannedForEncodings = 0;
			knownRegions = (
				en,
				Base,
			);
			mainGroup = A1000001010001;
			productRefGroup = A1000001070001 /* Products */;
			projectDirPath = "";
			projectRoot = "";
			targets = (
				A1000001050001 /* OfflineAIChat */,
			);
		};
/* End PBXProject section */

/* Begin PBXResourcesBuildPhase section */
		A1000001040002 /* Resources */ = {
			isa = PBXResourcesBuildPhase;
			buildActionMask = 2147483647;
			files = (
				A1000001260011 /* Assets.xcassets in Resources */,
			);
			runOnlyForDeploymentPostprocessing = 0;
		};
/* End PBXResourcesBuildPhase section */

/* Begin PBXSourcesBuildPhase section */
		A1000001030005 /* Sources */ = {
			isa = PBXSourcesBuildPhase;
			buildActionMask = 2147483647;
			files = (
				A1000001260001 /* OfflineAIChatApp.swift in Sources */,
				A1000001260002 /* chat_message_model.swift in Sources */,
				A1000001260003 /* chat_session_model.swift in Sources */,
				A1000001260004 /* model_configuration.swift in Sources */,
				A1000001260005 /* nexa_inference_service.swift in Sources */,
				A1000001260006 /* chat_conversation_view_model.swift in Sources */,
				A1000001260007 /* chat_conversation_view.swift in Sources */,
				A1000001260008 /* chat_message_row_view.swift in Sources */,
				A1000001260009 /* chat_input_field_view.swift in Sources */,
				A1000001260010 /* model_status_indicator_view.swift in Sources */,
				A1000001260012 /* model_download_service.swift in Sources */,
				A1000001260013 /* model_settings_view.swift in Sources */,
				A1000001260014 /* chat_storage_service.swift in Sources */,
				A1000001260015 /* chat_session_list_view.swift in Sources */,
				A1000001260016 /* memory_model.swift in Sources */,
				A1000001260017 /* memory_storage_service.swift in Sources */,
				A1000001260018 /* animated_empty_state_view.swift in Sources */,
				A1000001260019 /* chat_list_bottom_sheet_view.swift in Sources */,
				A1000001260020 /* context_length_indicator_view.swift in Sources */,
				A1000001260021 /* memory_settings_view.swift in Sources */,
				A1000001260022 /* side_drawer_view.swift in Sources */,
				A1000001260023 /* memory_quick_toggle_view.swift in Sources */,
			);
			runOnlyForDeploymentPostprocessing = 0;
		};
/* End PBXSourcesBuildPhase section */

/* Begin XCBuildConfiguration section */
		A10000010A0001 /* Debug */ = {
			isa = XCBuildConfiguration;
			buildSettings = {
				ALWAYS_SEARCH_USER_PATHS = NO;
				ASSETCATALOG_COMPILER_GENERATE_SWIFT_ASSET_SYMBOL_EXTENSIONS = YES;
				CLANG_ANALYZER_NONNULL = YES;
				CLANG_ANALYZER_NUMBER_OBJECT_CONVERSION = YES_AGGRESSIVE;
				CLANG_CXX_LANGUAGE_STANDARD = "gnu++20";
				CLANG_ENABLE_MODULES = YES;
				CLANG_ENABLE_OBJC_ARC = YES;
				CLANG_ENABLE_OBJC_WEAK = YES;
				CLANG_WARN_BLOCK_CAPTURE_AUTORELEASING = YES;
				CLANG_WARN_BOOL_CONVERSION = YES;
				CLANG_WARN_COMMA = YES;
				CLANG_WARN_CONSTANT_CONVERSION = YES;
				CLANG_WARN_DEPRECATED_OBJC_IMPLEMENTATIONS = YES;
				CLANG_WARN_DIRECT_OBJC_ISA_USAGE = YES_ERROR;
				CLANG_WARN_DOCUMENTATION_COMMENTS = YES;
				CLANG_WARN_EMPTY_BODY = YES;
				CLANG_WARN_ENUM_CONVERSION = YES;
				CLANG_WARN_INFINITE_RECURSION = YES;
				CLANG_WARN_INT_CONVERSION = YES;
				CLANG_WARN_NON_LITERAL_NULL_CONVERSION = YES;
				CLANG_WARN_OBJC_IMPLICIT_RETAIN_SELF = YES;
				CLANG_WARN_OBJC_LITERAL_CONVERSION = YES;
				CLANG_WARN_OBJC_ROOT_CLASS = YES_ERROR;
				CLANG_WARN_QUOTED_INCLUDE_IN_FRAMEWORK_HEADER = YES;
				CLANG_WARN_RANGE_LOOP_ANALYSIS = YES;
				CLANG_WARN_STRICT_PROTOTYPES = YES;
				CLANG_WARN_SUSPICIOUS_MOVE = YES;
				CLANG_WARN_UNGUARDED_AVAILABILITY = YES_AGGRESSIVE;
				CLANG_WARN_UNREACHABLE_CODE = YES;
				CLANG_WARN__DUPLICATE_METHOD_MATCH = YES;
				COPY_PHASE_STRIP = NO;
				DEBUG_INFORMATION_FORMAT = dwarf;
				ENABLE_STRICT_OBJC_MSGSEND = YES;
				ENABLE_TESTABILITY = YES;
				ENABLE_USER_SCRIPT_SANDBOXING = YES;
				GCC_C_LANGUAGE_STANDARD = gnu17;
				GCC_DYNAMIC_NO_PIC = NO;
				GCC_NO_COMMON_BLOCKS = YES;
				GCC_OPTIMIZATION_LEVEL = 0;
				GCC_PREPROCESSOR_DEFINITIONS = (
					"DEBUG=1",
					"$(inherited)",
				);
				GCC_WARN_64_TO_32_BIT_CONVERSION = YES;
				GCC_WARN_ABOUT_RETURN_TYPE = YES_ERROR;
				GCC_WARN_UNDECLARED_SELECTOR = YES;
				GCC_WARN_UNINITIALIZED_AUTOS = YES_AGGRESSIVE;
				GCC_WARN_UNUSED_FUNCTION = YES;
				GCC_WARN_UNUSED_VARIABLE = YES;
				IPHONEOS_DEPLOYMENT_TARGET = 17.0;
				LOCALIZATION_PREFERS_STRING_CATALOGS = YES;
				MTL_ENABLE_DEBUG_INFO = INCLUDE_SOURCE;
				MTL_FAST_MATH = YES;
				ONLY_ACTIVE_ARCH = YES;
				SDKROOT = iphoneos;
				SWIFT_ACTIVE_COMPILATION_CONDITIONS = "DEBUG $(inherited)";
				SWIFT_OPTIMIZATION_LEVEL = "-Onone";
			};
			name = Debug;
		};
		A10000010A0002 /* Release */ = {
			isa = XCBuildConfiguration;
			buildSettings = {
				ALWAYS_SEARCH_USER_PATHS = NO;
				ASSETCATALOG_COMPILER_GENERATE_SWIFT_ASSET_SYMBOL_EXTENSIONS = YES;
				CLANG_ANALYZER_NONNULL = YES;
				CLANG_ANALYZER_NUMBER_OBJECT_CONVERSION = YES_AGGRESSIVE;
				CLANG_CXX_LANGUAGE_STANDARD = "gnu++20";
				CLANG_ENABLE_MODULES = YES;
				CLANG_ENABLE_OBJC_ARC = YES;
				CLANG_ENABLE_OBJC_WEAK = YES;
				CLANG_WARN_BLOCK_CAPTURE_AUTORELEASING = YES;
				CLANG_WARN_BOOL_CONVERSION = YES;
				CLANG_WARN_COMMA = YES;
				CLANG_WARN_CONSTANT_CONVERSION = YES;
				CLANG_WARN_DEPRECATED_OBJC_IMPLEMENTATIONS = YES;
				CLANG_WARN_DIRECT_OBJC_ISA_USAGE = YES_ERROR;
				CLANG_WARN_DOCUMENTATION_COMMENTS = YES;
				CLANG_WARN_EMPTY_BODY = YES;
				CLANG_WARN_ENUM_CONVERSION = YES;
				CLANG_WARN_INFINITE_RECURSION = YES;
				CLANG_WARN_INT_CONVERSION = YES;
				CLANG_WARN_NON_LITERAL_NULL_CONVERSION = YES;
				CLANG_WARN_OBJC_IMPLICIT_RETAIN_SELF = YES;
				CLANG_WARN_OBJC_LITERAL_CONVERSION = YES;
				CLANG_WARN_OBJC_ROOT_CLASS = YES_ERROR;
				CLANG_WARN_QUOTED_INCLUDE_IN_FRAMEWORK_HEADER = YES;
				CLANG_WARN_RANGE_LOOP_ANALYSIS = YES;
				CLANG_WARN_STRICT_PROTOTYPES = YES;
				CLANG_WARN_SUSPICIOUS_MOVE = YES;
				CLANG_WARN_UNGUARDED_AVAILABILITY = YES_AGGRESSIVE;
				CLANG_WARN_UNREACHABLE_CODE = YES;
				CLANG_WARN__DUPLICATE_METHOD_MATCH = YES;
				COPY_PHASE_STRIP = NO;
				DEBUG_INFORMATION_FORMAT = "dwarf-with-dsym";
				ENABLE_NS_ASSERTIONS = NO;
				ENABLE_STRICT_OBJC_MSGSEND = YES;
				ENABLE_USER_SCRIPT_SANDBOXING = YES;
				GCC_C_LANGUAGE_STANDARD = gnu17;
				GCC_NO_COMMON_BLOCKS = YES;
				GCC_WARN_64_TO_32_BIT_CONVERSION = YES;
				GCC_WARN_ABOUT_RETURN_TYPE = YES_ERROR;
				GCC_WARN_UNDECLARED_SELECTOR = YES;
				GCC_WARN_UNINITIALIZED_AUTOS = YES_AGGRESSIVE;
				GCC_WARN_UNUSED_FUNCTION = YES;
				GCC_WARN_UNUSED_VARIABLE = YES;
				IPHONEOS_DEPLOYMENT_TARGET = 17.0;
				LOCALIZATION_PREFERS_STRING_CATALOGS = YES;
				MTL_ENABLE_DEBUG_INFO = NO;
				MTL_FAST_MATH = YES;
				SDKROOT = iphoneos;
				SWIFT_COMPILATION_MODE = wholemodule;
				VALIDATE_PRODUCT = YES;
			};
			name = Release;
		};
		A10000010B0001 /* Debug */ = {
			isa = XCBuildConfiguration;
			buildSettings = {
				ASSETCATALOG_COMPILER_APPICON_NAME = AppIcon;
				ASSETCATALOG_COMPILER_GLOBAL_ACCENT_COLOR_NAME = AccentColor;
				CODE_SIGN_STYLE = Automatic;
				CURRENT_PROJECT_VERSION = 1;
				DEVELOPMENT_TEAM = 6Y6A3WSM56;
				ENABLE_PREVIEWS = YES;
				GENERATE_INFOPLIST_FILE = YES;
				INFOPLIST_FILE = OfflineAIChat/Info.plist;
				INFOPLIST_KEY_UIApplicationSceneManifest_Generation = YES;
				INFOPLIST_KEY_UIApplicationSupportsIndirectInputEvents = YES;
				INFOPLIST_KEY_UILaunchScreen_Generation = YES;
				INFOPLIST_KEY_UISupportedInterfaceOrientations_iPad = "UIInterfaceOrientationPortrait UIInterfaceOrientationPortraitUpsideDown UIInterfaceOrientationLandscapeLeft UIInterfaceOrientationLandscapeRight";
				INFOPLIST_KEY_UISupportedInterfaceOrientations_iPhone = "UIInterfaceOrientationPortrait UIInterfaceOrientationLandscapeLeft UIInterfaceOrientationLandscapeRight";
				LD_RUNPATH_SEARCH_PATHS = (
					"$(inherited)",
					"@executable_path/Frameworks",
				);
				MARKETING_VERSION = 1.0;
				PRODUCT_BUNDLE_IDENTIFIER = com.offlineai.chat;
				PRODUCT_NAME = "$(TARGET_NAME)";
				SWIFT_EMIT_LOC_STRINGS = YES;
				SWIFT_VERSION = 5.0;
				TARGETED_DEVICE_FAMILY = "1,2";
			};
			name = Debug;
		};
		A10000010B0002 /* Release */ = {
			isa = XCBuildConfiguration;
			buildSettings = {
				ASSETCATALOG_COMPILER_APPICON_NAME = AppIcon;
				ASSETCATALOG_COMPILER_GLOBAL_ACCENT_COLOR_NAME = AccentColor;
				CODE_SIGN_STYLE = Automatic;
				CURRENT_PROJECT_VERSION = 1;
				DEVELOPMENT_TEAM = 6Y6A3WSM56;
				ENABLE_PREVIEWS = YES;
				GENERATE_INFOPLIST_FILE = YES;
				INFOPLIST_FILE = OfflineAIChat/Info.plist;
				INFOPLIST_KEY_UIApplicationSceneManifest_Generation = YES;
				INFOPLIST_KEY_UIApplicationSupportsIndirectInputEvents = YES;
				INFOPLIST_KEY_UILaunchScreen_Generation = YES;
				INFOPLIST_KEY_UISupportedInterfaceOrientations_iPad = "UIInterfaceOrientationPortrait UIInterfaceOrientationPortraitUpsideDown UIInterfaceOrientationLandscapeLeft UIInterfaceOrientationLandscapeRight";
				INFOPLIST_KEY_UISupportedInterfaceOrientations_iPhone = "UIInterfaceOrientationPortrait UIInterfaceOrientationLandscapeLeft UIInterfaceOrientationLandscapeRight";
				LD_RUNPATH_SEARCH_PATHS = (
					"$(inherited)",
					"@executable_path/Frameworks",
				);
				MARKETING_VERSION = 1.0;
				PRODUCT_BUNDLE_IDENTIFIER = com.offlineai.chat;
				PRODUCT_NAME = "$(TARGET_NAME)";
				SWIFT_EMIT_LOC_STRINGS = YES;
				SWIFT_VERSION = 5.0;
				TARGETED_DEVICE_FAMILY = "1,2";
			};
			name = Release;
		};
/* End XCBuildConfiguration section */

/* Begin XCConfigurationList section */
		A1000001080001 /* Build configuration list for PBXProject "OfflineAIChat" */ = {
			isa = XCConfigurationList;
			buildConfigurations = (
				A10000010A0001 /* Debug */,
				A10000010A0002 /* Release */,
			);
			defaultConfigurationIsVisible = 0;
			defaultConfigurationName = Release;
		};
		A1000001090001 /* Build configuration list for PBXNativeTarget "OfflineAIChat" */ = {
			isa = XCConfigurationList;
			buildConfigurations = (
				A10000010B0001 /* Debug */,
				A10000010B0002 /* Release */,
			);
			defaultConfigurationIsVisible = 0;
			defaultConfigurationName = Release;
		};
/* End XCConfigurationList section */
	};
	rootObject = A1000001000001 /* Project object */;
}
